
Microsoft Visual Studio Solution File, Format Version 12.00
Project("{FAE04EC0-301F-11D3-BF4B-00C04F79EFBC}") = "Domain", "Domain\Domain.csproj", "{7B4F339B-2248-4E56-8678-C80726AF6890}"
EndProject
Project("{FAE04EC0-301F-11D3-BF4B-00C04F79EFBC}") = "WEB API", "WEB API\WEB API.csproj", "{60F29243-6C94-41FA-A709-29AA535B18BB}"
EndProject
Project("{FAE04EC0-301F-11D3-BF4B-00C04F79EFBC}") = "Application", "Application\Application.csproj", "{7C58ED76-72A9-4366-9CAD-D538E410871A}"
EndProject
Project("{FAE04EC0-301F-11D3-BF4B-00C04F79EFBC}") = "BlazorServer", "BlazorServer\BlazorServer.csproj", "{BEA5A4F1-B42D-4E7F-887C-7AE186289E63}"
EndProject
Project("{FAE04EC0-301F-11D3-BF4B-00C04F79EFBC}") = "HTTPClients", "HTTPClients\HTTPClients.csproj", "{BF0831F5-891F-475C-9765-8B4C8033D379}"
EndProject
Project("{FAE04EC0-301F-11D3-BF4B-00C04F79EFBC}") = "EfcDataAccess", "EfcDataAccess\EfcDataAccess.csproj", "{F79F3FA4-6D5A-4DF6-99DF-3A64027EDCD8}"
EndProject
Global
	GlobalSection(SolutionConfigurationPlatforms) = preSolution
		Debug|Any CPU = Debug|Any CPU
		Release|Any CPU = Release|Any CPU
	EndGlobalSection
	GlobalSection(ProjectConfigurationPlatforms) = postSolution
		{7B4F339B-2248-4E56-8678-C80726AF6890}.Debug|Any CPU.ActiveCfg = Debug|Any CPU
		{7B4F339B-2248-4E56-8678-C80726AF6890}.Debug|Any CPU.Build.0 = Debug|Any CPU
		{7B4F339B-2248-4E56-8678-C80726AF6890}.Release|Any CPU.ActiveCfg = Release|Any CPU
		{7B4F339B-2248-4E56-8678-C80726AF6890}.Release|Any CPU.Build.0 = Release|Any CPU
		{60F29243-6C94-41FA-A709-29AA535B18BB}.Debug|Any CPU.ActiveCfg = Debug|Any CPU
		{60F29243-6C94-41FA-A709-29AA535B18BB}.Debug|Any CPU.Build.0 = Debug|Any CPU
		{60F29243-6C94-41FA-A709-29AA535B18BB}.Release|Any CPU.ActiveCfg = Release|Any CPU
		{60F29243-6C94-41FA-A709-29AA535B18BB}.Release|Any CPU.Build.0 = Release|Any CPU
		{7C58ED76-72A9-4366-9CAD-D538E410871A}.Debug|Any CPU.ActiveCfg = Debug|Any CPU
		{7C58ED76-72A9-4366-9CAD-D538E410871A}.Debug|Any CPU.Build.0 = Debug|Any CPU
		{7C58ED76-72A9-4366-9CAD-D538E410871A}.Release|Any CPU.ActiveCfg = Release|Any CPU
		{7C58ED76-72A9-4366-9CAD-D538E410871A}.Release|Any CPU.Build.0 = Release|Any CPU
		{BEA5A4F1-B42D-4E7F-887C-7AE186289E63}.Debug|Any CPU.ActiveCfg = Debug|Any CPU
		{BEA5A4F1-B42D-4E7F-887C-7AE186289E63}.Debug|Any CPU.Build.0 = Debug|Any CPU
		{BEA5A4F1-B42D-4E7F-887C-7AE186289E63}.Release|Any CPU.ActiveCfg = Release|Any CPU
		{BEA5A4F1-B42D-4E7F-887C-7AE186289E63}.Release|Any CPU.Build.0 = Release|Any CPU
		{BF0831F5-891F-475C-9765-8B4C8033D379}.Debug|Any CPU.ActiveCfg = Debug|Any CPU
		{BF0831F5-891F-475C-9765-8B4C8033D379}.Debug|Any CPU.Build.0 = Debug|Any CPU
		{BF0831F5-891F-475C-9765-8B4C8033D379}.Release|Any CPU.ActiveCfg = Release|Any CPU
		{BF0831F5-891F-475C-9765-8B4C8033D379}.Release|Any CPU.Build.0 = Release|Any CPU
		{F79F3FA4-6D5A-4DF6-99DF-3A64027EDCD8}.Debug|Any CPU.ActiveCfg = Debug|Any CPU
		{F79F3FA4-6D5A-4DF6-99DF-3A64027EDCD8}.Debug|Any CPU.Build.0 = Debug|Any CPU
		{F79F3FA4-6D5A-4DF6-99DF-3A64027EDCD8}.Release|Any CPU.ActiveCfg = Release|Any CPU
		{F79F3FA4-6D5A-4DF6-99DF-3A64027EDCD8}.Release|Any CPU.Build.0 = Release|Any CPU
	EndGlobalSection
EndGlobal
